// !$*UTF8*$!
{
	archiveVersion = 1;
	classes = {
	};
	objectVersion = 52;
	objects = {

/* Begin PBXBuildFile section */
		9832957825A0CCCB00B25487 /* ImagePicker.swift in Sources */ = {isa = PBXBuildFile; fileRef = 9832957725A0CCCB00B25487 /* ImagePicker.swift */; };
		9852C1E825A3821E00B59C61 /* HypedEventTileView.swift in Sources */ = {isa = PBXBuildFile; fileRef = 9852C1E725A3821E00B59C61 /* HypedEventTileView.swift */; };
		986391A425A4956400605FB7 /* DataController.swift in Sources */ = {isa = PBXBuildFile; fileRef = 986391A325A4956400605FB7 /* DataController.swift */; };
		987EECD425A49BB300E0A96C /* UIColor_Hex_Swift in Frameworks */ = {isa = PBXBuildFile; productRef = 987EECD325A49BB300E0A96C /* UIColor_Hex_Swift */; };
		987EECD725A4AB4A00E0A96C /* HypedEventListView.swift in Sources */ = {isa = PBXBuildFile; fileRef = 987EECD625A4AB4A00E0A96C /* HypedEventListView.swift */; };
		9896F960259FE63000253B83 /* HypedListApp.swift in Sources */ = {isa = PBXBuildFile; fileRef = 9896F95F259FE63000253B83 /* HypedListApp.swift */; };
		9896F962259FE63000253B83 /* HypedListTabView.swift in Sources */ = {isa = PBXBuildFile; fileRef = 9896F961259FE63000253B83 /* HypedListTabView.swift */; };
		9896F964259FE63100253B83 /* Assets.xcassets in Resources */ = {isa = PBXBuildFile; fileRef = 9896F963259FE63100253B83 /* Assets.xcassets */; };
		9896F967259FE63100253B83 /* Preview Assets.xcassets in Resources */ = {isa = PBXBuildFile; fileRef = 9896F966259FE63100253B83 /* Preview Assets.xcassets */; };
		98B631FD259FE95A007EE3B1 /* UpcomingView.swift in Sources */ = {isa = PBXBuildFile; fileRef = 98B631FC259FE95A007EE3B1 /* UpcomingView.swift */; };
		98B6320025A07E18007EE3B1 /* CreateHypedEventView.swift in Sources */ = {isa = PBXBuildFile; fileRef = 98B631FF25A07E18007EE3B1 /* CreateHypedEventView.swift */; };
		98B6320425A07E91007EE3B1 /* HypedEvent.swift in Sources */ = {isa = PBXBuildFile; fileRef = 98B6320325A07E91007EE3B1 /* HypedEvent.swift */; };
		98B6320925A09EF4007EE3B1 /* FormLabelView.swift in Sources */ = {isa = PBXBuildFile; fileRef = 98B6320825A09EF4007EE3B1 /* FormLabelView.swift */; };
		98BC3AD325A389AA007157CD /* SwiftDate in Frameworks */ = {isa = PBXBuildFile; productRef = 98BC3AD225A389AA007157CD /* SwiftDate */; };
		98CEBE2325A4AD1000411CAE /* PastView.swift in Sources */ = {isa = PBXBuildFile; fileRef = 98CEBE2225A4AD1000411CAE /* PastView.swift */; };
/* End PBXBuildFile section */

/* Begin PBXFileReference section */
		9832957725A0CCCB00B25487 /* ImagePicker.swift */ = {isa = PBXFileReference; lastKnownFileType = sourcecode.swift; path = ImagePicker.swift; sourceTree = "<group>"; };
		9852C1E725A3821E00B59C61 /* HypedEventTileView.swift */ = {isa = PBXFileReference; lastKnownFileType = sourcecode.swift; path = HypedEventTileView.swift; sourceTree = "<group>"; };
		986391A325A4956400605FB7 /* DataController.swift */ = {isa = PBXFileReference; lastKnownFileType = sourcecode.swift; path = DataController.swift; sourceTree = "<group>"; };
		987EECD625A4AB4A00E0A96C /* HypedEventListView.swift */ = {isa = PBXFileReference; lastKnownFileType = sourcecode.swift; path = HypedEventListView.swift; sourceTree = "<group>"; };
		9896F95C259FE63000253B83 /* HypedList.app */ = {isa = PBXFileReference; explicitFileType = wrapper.application; includeInIndex = 0; path = HypedList.app; sourceTree = BUILT_PRODUCTS_DIR; };
		9896F95F259FE63000253B83 /* HypedListApp.swift */ = {isa = PBXFileReference; lastKnownFileType = sourcecode.swift; path = HypedListApp.swift; sourceTree = "<group>"; };
		9896F961259FE63000253B83 /* HypedListTabView.swift */ = {isa = PBXFileReference; lastKnownFileType = sourcecode.swift; path = HypedListTabView.swift; sourceTree = "<group>"; };
		9896F963259FE63100253B83 /* Assets.xcassets */ = {isa = PBXFileReference; lastKnownFileType = folder.assetcatalog; path = Assets.xcassets; sourceTree = "<group>"; };
		9896F966259FE63100253B83 /* Preview Assets.xcassets */ = {isa = PBXFileReference; lastKnownFileType = folder.assetcatalog; path = "Preview Assets.xcassets"; sourceTree = "<group>"; };
		9896F968259FE63100253B83 /* Info.plist */ = {isa = PBXFileReference; lastKnownFileType = text.plist.xml; path = Info.plist; sourceTree = "<group>"; };
		98B631FC259FE95A007EE3B1 /* UpcomingView.swift */ = {isa = PBXFileReference; lastKnownFileType = sourcecode.swift; path = UpcomingView.swift; sourceTree = "<group>"; };
		98B631FF25A07E18007EE3B1 /* CreateHypedEventView.swift */ = {isa = PBXFileReference; lastKnownFileType = sourcecode.swift; path = CreateHypedEventView.swift; sourceTree = "<group>"; };
		98B6320325A07E91007EE3B1 /* HypedEvent.swift */ = {isa = PBXFileReference; lastKnownFileType = sourcecode.swift; path = HypedEvent.swift; sourceTree = "<group>"; };
		98B6320825A09EF4007EE3B1 /* FormLabelView.swift */ = {isa = PBXFileReference; lastKnownFileType = sourcecode.swift; path = FormLabelView.swift; sourceTree = "<group>"; };
		98CEBE2225A4AD1000411CAE /* PastView.swift */ = {isa = PBXFileReference; lastKnownFileType = sourcecode.swift; path = PastView.swift; sourceTree = "<group>"; };
/* End PBXFileReference section */

/* Begin PBXFrameworksBuildPhase section */
		9896F959259FE63000253B83 /* Frameworks */ = {
			isa = PBXFrameworksBuildPhase;
			buildActionMask = 2147483647;
			files = (
				987EECD425A49BB300E0A96C /* UIColor_Hex_Swift in Frameworks */,
				98BC3AD325A389AA007157CD /* SwiftDate in Frameworks */,
			);
			runOnlyForDeploymentPostprocessing = 0;
		};
/* End PBXFrameworksBuildPhase section */

/* Begin PBXGroup section */
		986391A625A4995800605FB7 /* Data */ = {
			isa = PBXGroup;
			children = (
				98B6320325A07E91007EE3B1 /* HypedEvent.swift */,
				986391A325A4956400605FB7 /* DataController.swift */,
			);
			path = Data;
			sourceTree = "<group>";
		};
		986391A725A4996600605FB7 /* Views */ = {
			isa = PBXGroup;
			children = (
				987EECD625A4AB4A00E0A96C /* HypedEventListView.swift */,
				98B631FF25A07E18007EE3B1 /* CreateHypedEventView.swift */,
				98B631FC259FE95A007EE3B1 /* UpcomingView.swift */,
				98CEBE2225A4AD1000411CAE /* PastView.swift */,
				9852C1E725A3821E00B59C61 /* HypedEventTileView.swift */,
				98B6320825A09EF4007EE3B1 /* FormLabelView.swift */,
				9832957725A0CCCB00B25487 /* ImagePicker.swift */,
			);
			path = Views;
			sourceTree = "<group>";
		};
		9896F953259FE63000253B83 = {
			isa = PBXGroup;
			children = (
				9896F95E259FE63000253B83 /* HypedList */,
				9896F95D259FE63000253B83 /* Products */,
			);
			sourceTree = "<group>";
		};
		9896F95D259FE63000253B83 /* Products */ = {
			isa = PBXGroup;
			children = (
				9896F95C259FE63000253B83 /* HypedList.app */,
			);
			name = Products;
			sourceTree = "<group>";
		};
		9896F95E259FE63000253B83 /* HypedList */ = {
			isa = PBXGroup;
			children = (
				9896F95F259FE63000253B83 /* HypedListApp.swift */,
				9896F961259FE63000253B83 /* HypedListTabView.swift */,
				986391A725A4996600605FB7 /* Views */,
				986391A625A4995800605FB7 /* Data */,
				9896F963259FE63100253B83 /* Assets.xcassets */,
				9896F968259FE63100253B83 /* Info.plist */,
				9896F965259FE63100253B83 /* Preview Content */,
			);
			path = HypedList;
			sourceTree = "<group>";
		};
		9896F965259FE63100253B83 /* Preview Content */ = {
			isa = PBXGroup;
			children = (
				9896F966259FE63100253B83 /* Preview Assets.xcassets */,
			);
			path = "Preview Content";
			sourceTree = "<group>";
		};
/* End PBXGroup section */

/* Begin PBXNativeTarget section */
		9896F95B259FE63000253B83 /* HypedList */ = {
			isa = PBXNativeTarget;
			buildConfigurationList = 9896F96B259FE63100253B83 /* Build configuration list for PBXNativeTarget "HypedList" */;
			buildPhases = (
				9896F958259FE63000253B83 /* Sources */,
				9896F959259FE63000253B83 /* Frameworks */,
				9896F95A259FE63000253B83 /* Resources */,
			);
			buildRules = (
			);
			dependencies = (
			);
			name = HypedList;
			packageProductDependencies = (
				98BC3AD225A389AA007157CD /* SwiftDate */,
				987EECD325A49BB300E0A96C /* UIColor_Hex_Swift */,
			);
			productName = HypedList;
			productReference = 9896F95C259FE63000253B83 /* HypedList.app */;
			productType = "com.apple.product-type.application";
		};
/* End PBXNativeTarget section */

/* Begin PBXProject section */
		9896F954259FE63000253B83 /* Project object */ = {
			isa = PBXProject;
			attributes = {
				LastSwiftUpdateCheck = 1220;
				LastUpgradeCheck = 1220;
				TargetAttributes = {
					9896F95B259FE63000253B83 = {
						CreatedOnToolsVersion = 12.2;
					};
				};
			};
			buildConfigurationList = 9896F957259FE63000253B83 /* Build configuration list for PBXProject "HypedList" */;
			compatibilityVersion = "Xcode 9.3";
			developmentRegion = en;
			hasScannedForEncodings = 0;
			knownRegions = (
				en,
				Base,
			);
			mainGroup = 9896F953259FE63000253B83;
			packageReferences = (
				98BC3AD125A389AA007157CD /* XCRemoteSwiftPackageReference "SwiftDate" */,
				987EECD225A49BB300E0A96C /* XCRemoteSwiftPackageReference "UIColor-Hex-Swift" */,
			);
			productRefGroup = 9896F95D259FE63000253B83 /* Products */;
			projectDirPath = "";
			projectRoot = "";
			targets = (
				9896F95B259FE63000253B83 /* HypedList */,
			);
		};
/* End PBXProject section */

/* Begin PBXResourcesBuildPhase section */
		9896F95A259FE63000253B83 /* Resources */ = {
			isa = PBXResourcesBuildPhase;
			buildActionMask = 2147483647;
			files = (
				9896F967259FE63100253B83 /* Preview Assets.xcassets in Resources */,
				9896F964259FE63100253B83 /* Assets.xcassets in Resources */,
			);
			runOnlyForDeploymentPostprocessing = 0;
		};
/* End PBXResourcesBuildPhase section */

/* Begin PBXSourcesBuildPhase section */
		9896F958259FE63000253B83 /* Sources */ = {
			isa = PBXSourcesBuildPhase;
			buildActionMask = 2147483647;
			files = (
				9852C1E825A3821E00B59C61 /* HypedEventTileView.swift in Sources */,
				98B6320925A09EF4007EE3B1 /* FormLabelView.swift in Sources */,
				98CEBE2325A4AD1000411CAE /* PastView.swift in Sources */,
				98B6320025A07E18007EE3B1 /* CreateHypedEventView.swift in Sources */,
				98B6320425A07E91007EE3B1 /* HypedEvent.swift in Sources */,
				986391A425A4956400605FB7 /* DataController.swift in Sources */,
				9832957825A0CCCB00B25487 /* ImagePicker.swift in Sources */,
				9896F962259FE63000253B83 /* HypedListTabView.swift in Sources */,
				9896F960259FE63000253B83 /* HypedListApp.swift in Sources */,
				987EECD725A4AB4A00E0A96C /* HypedEventListView.swift in Sources */,
				98B631FD259FE95A007EE3B1 /* UpcomingView.swift in Sources */,
			);
			runOnlyForDeploymentPostprocessing = 0;
		};
/* End PBXSourcesBuildPhase section */

/* Begin XCBuildConfiguration section */
		9896F969259FE63100253B83 /* Debug */ = {
			isa = XCBuildConfiguration;
			buildSettings = {
				ALWAYS_SEARCH_USER_PATHS = NO;
				CLANG_ANALYZER_NONNULL = YES;
				CLANG_ANALYZER_NUMBER_OBJECT_CONVERSION = YES_AGGRESSIVE;
				CLANG_CXX_LANGUAGE_STANDARD = "gnu++14";
				CLANG_CXX_LIBRARY = "libc++";
				CLANG_ENABLE_MODULES = YES;
				CLANG_ENABLE_OBJC_ARC = YES;
				CLANG_ENABLE_OBJC_WEAK = YES;
				CLANG_WARN_BLOCK_CAPTURE_AUTORELEASING = YES;
				CLANG_WARN_BOOL_CONVERSION = YES;
				CLANG_WARN_COMMA = YES;
				CLANG_WARN_CONSTANT_CONVERSION = YES;
				CLANG_WARN_DEPRECATED_OBJC_IMPLEMENTATIONS = YES;
				CLANG_WARN_DIRECT_OBJC_ISA_USAGE = YES_ERROR;
				CLANG_WARN_DOCUMENTATION_COMMENTS = YES;
				CLANG_WARN_EMPTY_BODY = YES;
				CLANG_WARN_ENUM_CONVERSION = YES;
				CLANG_WARN_INFINITE_RECURSION = YES;
				CLANG_WARN_INT_CONVERSION = YES;
				CLANG_WARN_NON_LITERAL_NULL_CONVERSION = YES;
				CLANG_WARN_OBJC_IMPLICIT_RETAIN_SELF = YES;
				CLANG_WARN_OBJC_LITERAL_CONVERSION = YES;
				CLANG_WARN_OBJC_ROOT_CLASS = YES_ERROR;
				CLANG_WARN_QUOTED_INCLUDE_IN_FRAMEWORK_HEADER = YES;
				CLANG_WARN_RANGE_LOOP_ANALYSIS = YES;
				CLANG_WARN_STRICT_PROTOTYPES = YES;
				CLANG_WARN_SUSPICIOUS_MOVE = YES;
				CLANG_WARN_UNGUARDED_AVAILABILITY = YES_AGGRESSIVE;
				CLANG_WARN_UNREACHABLE_CODE = YES;
				CLANG_WARN__DUPLICATE_METHOD_MATCH = YES;
				COPY_PHASE_STRIP = NO;
				DEBUG_INFORMATION_FORMAT = dwarf;
				ENABLE_STRICT_OBJC_MSGSEND = YES;
				ENABLE_TESTABILITY = YES;
				GCC_C_LANGUAGE_STANDARD = gnu11;
				GCC_DYNAMIC_NO_PIC = NO;
				GCC_NO_COMMON_BLOCKS = YES;
				GCC_OPTIMIZATION_LEVEL = 0;
				GCC_PREPROCESSOR_DEFINITIONS = (
					"DEBUG=1",
					"$(inherited)",
				);
				GCC_WARN_64_TO_32_BIT_CONVERSION = YES;
				GCC_WARN_ABOUT_RETURN_TYPE = YES_ERROR;
				GCC_WARN_UNDECLARED_SELECTOR = YES;
				GCC_WARN_UNINITIALIZED_AUTOS = YES_AGGRESSIVE;
				GCC_WARN_UNUSED_FUNCTION = YES;
				GCC_WARN_UNUSED_VARIABLE = YES;
				IPHONEOS_DEPLOYMENT_TARGET = 14.2;
				MTL_ENABLE_DEBUG_INFO = INCLUDE_SOURCE;
				MTL_FAST_MATH = YES;
				ONLY_ACTIVE_ARCH = YES;
				SDKROOT = iphoneos;
				SWIFT_ACTIVE_COMPILATION_CONDITIONS = DEBUG;
				SWIFT_OPTIMIZATION_LEVEL = "-Onone";
			};
			name = Debug;
		};
		9896F96A259FE63100253B83 /* Release */ = {
			isa = XCBuildConfiguration;
			buildSettings = {
				ALWAYS_SEARCH_USER_PATHS = NO;
				CLANG_ANALYZER_NONNULL = YES;
				CLANG_ANALYZER_NUMBER_OBJECT_CONVERSION = YES_AGGRESSIVE;
				CLANG_CXX_LANGUAGE_STANDARD = "gnu++14";
				CLANG_CXX_LIBRARY = "libc++";
				CLANG_ENABLE_MODULES = YES;
				CLANG_ENABLE_OBJC_ARC = YES;
				CLANG_ENABLE_OBJC_WEAK = YES;
				CLANG_WARN_BLOCK_CAPTURE_AUTORELEASING = YES;
				CLANG_WARN_BOOL_CONVERSION = YES;
				CLANG_WARN_COMMA = YES;
				CLANG_WARN_CONSTANT_CONVERSION = YES;
				CLANG_WARN_DEPRECATED_OBJC_IMPLEMENTATIONS = YES;
				CLANG_WARN_DIRECT_OBJC_ISA_USAGE = YES_ERROR;
				CLANG_WARN_DOCUMENTATION_COMMENTS = YES;
				CLANG_WARN_EMPTY_BODY = YES;
				CLANG_WARN_ENUM_CONVERSION = YES;
				CLANG_WARN_INFINITE_RECURSION = YES;
				CLANG_WARN_INT_CONVERSION = YES;
				CLANG_WARN_NON_LITERAL_NULL_CONVERSION = YES;
				CLANG_WARN_OBJC_IMPLICIT_RETAIN_SELF = YES;
				CLANG_WARN_OBJC_LITERAL_CONVERSION = YES;
				CLANG_WARN_OBJC_ROOT_CLASS = YES_ERROR;
				CLANG_WARN_QUOTED_INCLUDE_IN_FRAMEWORK_HEADER = YES;
				CLANG_WARN_RANGE_LOOP_ANALYSIS = YES;
				CLANG_WARN_STRICT_PROTOTYPES = YES;
				CLANG_WARN_SUSPICIOUS_MOVE = YES;
				CLANG_WARN_UNGUARDED_AVAILABILITY = YES_AGGRESSIVE;
				CLANG_WARN_UNREACHABLE_CODE = YES;
				CLANG_WARN__DUPLICATE_METHOD_MATCH = YES;
				COPY_PHASE_STRIP = NO;
				DEBUG_INFORMATION_FORMAT = "dwarf-with-dsym";
				ENABLE_NS_ASSERTIONS = NO;
				ENABLE_STRICT_OBJC_MSGSEND = YES;
				GCC_C_LANGUAGE_STANDARD = gnu11;
				GCC_NO_COMMON_BLOCKS = YES;
				GCC_WARN_64_TO_32_BIT_CONVERSION = YES;
				GCC_WARN_ABOUT_RETURN_TYPE = YES_ERROR;
				GCC_WARN_UNDECLARED_SELECTOR = YES;
				GCC_WARN_UNINITIALIZED_AUTOS = YES_AGGRESSIVE;
				GCC_WARN_UNUSED_FUNCTION = YES;
				GCC_WARN_UNUSED_VARIABLE = YES;
				IPHONEOS_DEPLOYMENT_TARGET = 14.2;
				MTL_ENABLE_DEBUG_INFO = NO;
				MTL_FAST_MATH = YES;
				SDKROOT = iphoneos;
				SWIFT_COMPILATION_MODE = wholemodule;
				SWIFT_OPTIMIZATION_LEVEL = "-O";
				VALIDATE_PRODUCT = YES;
			};
			name = Release;
		};
		9896F96C259FE63100253B83 /* Debug */ = {
			isa = XCBuildConfiguration;
			buildSettings = {
				ASSETCATALOG_COMPILER_APPICON_NAME = AppIcon;
				ASSETCATALOG_COMPILER_GLOBAL_ACCENT_COLOR_NAME = AccentColor;
				CODE_SIGN_STYLE = Automatic;
				DEVELOPMENT_ASSET_PATHS = "\"HypedList/Preview Content\"";
				DEVELOPMENT_TEAM = F76TDF8BSD;
				ENABLE_PREVIEWS = YES;
				INFOPLIST_FILE = HypedList/Info.plist;
				IPHONEOS_DEPLOYMENT_TARGET = 14.0;
				LD_RUNPATH_SEARCH_PATHS = (
					"$(inherited)",
					"@executable_path/Frameworks",
				);
				PRODUCT_BUNDLE_IDENTIFIER = ermalbujupaj.HypedList;
				PRODUCT_NAME = "$(TARGET_NAME)";
				SWIFT_VERSION = 5.0;
				TARGETED_DEVICE_FAMILY = "1,2";
			};
			name = Debug;
		};
		9896F96D259FE63100253B83 /* Release */ = {
			isa = XCBuildConfiguration;
			buildSettings = {
				ASSETCATALOG_COMPILER_APPICON_NAME = AppIcon;
				ASSETCATALOG_COMPILER_GLOBAL_ACCENT_COLOR_NAME = AccentColor;
				CODE_SIGN_STYLE = Automatic;
				DEVELOPMENT_ASSET_PATHS = "\"HypedList/Preview Content\"";
				DEVELOPMENT_TEAM = F76TDF8BSD;
				ENABLE_PREVIEWS = YES;
				INFOPLIST_FILE = HypedList/Info.plist;
				IPHONEOS_DEPLOYMENT_TARGET = 14.0;
				LD_RUNPATH_SEARCH_PATHS = (
					"$(inherited)",
					"@executable_path/Frameworks",
				);
				PRODUCT_BUNDLE_IDENTIFIER = ermalbujupaj.HypedList;
				PRODUCT_NAME = "$(TARGET_NAME)";
				SWIFT_VERSION = 5.0;
				TARGETED_DEVICE_FAMILY = "1,2";
			};
			name = Release;
		};
/* End XCBuildConfiguration section */

/* Begin XCConfigurationList section */
		9896F957259FE63000253B83 /* Build configuration list for PBXProject "HypedList" */ = {
			isa = XCConfigurationList;
			buildConfigurations = (
				9896F969259FE63100253B83 /* Debug */,
				9896F96A259FE63100253B83 /* Release */,
			);
			defaultConfigurationIsVisible = 0;
			defaultConfigurationName = Release;
		};
		9896F96B259FE63100253B83 /* Build configuration list for PBXNativeTarget "HypedList" */ = {
			isa = XCConfigurationList;
			buildConfigurations = (
				9896F96C259FE63100253B83 /* Debug */,
				9896F96D259FE63100253B83 /* Release */,
			);
			defaultConfigurationIsVisible = 0;
			defaultConfigurationName = Release;
		};
/* End XCConfigurationList section */

/* Begin XCRemoteSwiftPackageReference section */
		987EECD225A49BB300E0A96C /* XCRemoteSwiftPackageReference "UIColor-Hex-Swift" */ = {
			isa = XCRemoteSwiftPackageReference;
			repositoryURL = "https://github.com/yeahdongcn/UIColor-Hex-Swift.git";
			requirement = {
				kind = upToNextMajorVersion;
				minimumVersion = 5.1.1;
			};
		};
		98BC3AD125A389AA007157CD /* XCRemoteSwiftPackageReference "SwiftDate" */ = {
			isa = XCRemoteSwiftPackageReference;
			repositoryURL = "https://github.com/malcommac/SwiftDate.git";
			requirement = {
				kind = upToNextMajorVersion;
				minimumVersion = 6.3.1;
			};
		};
/* End XCRemoteSwiftPackageReference section */

/* Begin XCSwiftPackageProductDependency section */
		987EECD325A49BB300E0A96C /* UIColor_Hex_Swift */ = {
			isa = XCSwiftPackageProductDependency;
			package = 987EECD225A49BB300E0A96C /* XCRemoteSwiftPackageReference "UIColor-Hex-Swift" */;
			productName = UIColor_Hex_Swift;
		};
		98BC3AD225A389AA007157CD /* SwiftDate */ = {
			isa = XCSwiftPackageProductDependency;
			package = 98BC3AD125A389AA007157CD /* XCRemoteSwiftPackageReference "SwiftDate" */;
			productName = SwiftDate;
		};
/* End XCSwiftPackageProductDependency section */
	};
	rootObject = 9896F954259FE63000253B83 /* Project object */;
}
